
Microsoft Visual Studio Solution File, Format Version 12.00
Project("{FAE04EC0-301F-11D3-BF4B-00C04F79EFBC}") = "Dystopiandev.NetCoreStubs.BackgroundProcesses.WithTimer", "src\background-processes\Dystopiandev.NetCoreStubs.BackgroundProcesses.WithTimer\Dystopiandev.NetCoreStubs.BackgroundProcesses.WithTimer.csproj", "{755245D7-FCB2-4CB5-BEF4-74E26AB515A0}"
EndProject
Global
	GlobalSection(SolutionConfigurationPlatforms) = preSolution
		Debug|Any CPU = Debug|Any CPU
		Release|Any CPU = Release|Any CPU
	EndGlobalSection
	GlobalSection(ProjectConfigurationPlatforms) = postSolution
		{755245D7-FCB2-4CB5-BEF4-74E26AB515A0}.Debug|Any CPU.ActiveCfg = Debug|Any CPU
		{755245D7-FCB2-4CB5-BEF4-74E26AB515A0}.Debug|Any CPU.Build.0 = Debug|Any CPU
		{755245D7-FCB2-4CB5-BEF4-74E26AB515A0}.Release|Any CPU.ActiveCfg = Release|Any CPU
		{755245D7-FCB2-4CB5-BEF4-74E26AB515A0}.Release|Any CPU.Build.0 = Release|Any CPU
	EndGlobalSection
EndGlobal
